// !$*UTF8*$!
{
	archiveVersion = 1;
	classes = {
	};
	objectVersion = 56;
	objects = {

/* Begin PBXBuildFile section */
		14BD98252A30CB8000915E02 /* AppDelegate.swift in Sources */ = {isa = PBXBuildFile; fileRef = 14BD98242A30CB8000915E02 /* AppDelegate.swift */; };
		14BD98272A30CB8000915E02 /* ViewController.swift in Sources */ = {isa = PBXBuildFile; fileRef = 14BD98262A30CB8000915E02 /* ViewController.swift */; };
		14BD98292A30CB8100915E02 /* Assets.xcassets in Resources */ = {isa = PBXBuildFile; fileRef = 14BD98282A30CB8100915E02 /* Assets.xcassets */; };
		14BD982C2A30CB8100915E02 /* Main.storyboard in Resources */ = {isa = PBXBuildFile; fileRef = 14BD982A2A30CB8100915E02 /* Main.storyboard */; };
		14E6EB6A2A30D21B00D64037 /* PowerAssertTypeInferenceTests.swift in Sources */ = {isa = PBXBuildFile; fileRef = 14E6EB692A30D21B00D64037 /* PowerAssertTypeInferenceTests.swift */; };
		14E6EB702A30D28C00D64037 /* StringWidth.swift in Sources */ = {isa = PBXBuildFile; fileRef = 14BD983A2A30CBDB00915E02 /* StringWidth.swift */; };
		14E6EB712A30D28C00D64037 /* PowerAssert.swift in Sources */ = {isa = PBXBuildFile; fileRef = 14BD98342A30CB9800915E02 /* PowerAssert.swift */; };
		14E6EB722A30D28C00D64037 /* Diff.swift in Sources */ = {isa = PBXBuildFile; fileRef = 14BD98352A30CB9800915E02 /* Diff.swift */; };
		14E6EB732A30D28C00D64037 /* CodePointWidth.swift in Sources */ = {isa = PBXBuildFile; fileRef = 14BD983C2A30CBE800915E02 /* CodePointWidth.swift */; };
		14E6EB742A30D28C00D64037 /* Console.swift in Sources */ = {isa = PBXBuildFile; fileRef = 14BD98332A30CB9700915E02 /* Console.swift */; };
		14E6EB7B2A30D36500D64037 /* PowerAssert.swift in Sources */ = {isa = PBXBuildFile; fileRef = 14E6EB772A30D2D700D64037 /* PowerAssert.swift */; };
		14E6EB7C2A30D36500D64037 /* Console.swift in Sources */ = {isa = PBXBuildFile; fileRef = 14E6EB762A30D2D700D64037 /* Console.swift */; };
		14E6EB7D2A30D36500D64037 /* StringWidth.swift in Sources */ = {isa = PBXBuildFile; fileRef = 14E6EB792A30D2D700D64037 /* StringWidth.swift */; };
		14E6EB7E2A30D36500D64037 /* Diff.swift in Sources */ = {isa = PBXBuildFile; fileRef = 14E6EB782A30D2D700D64037 /* Diff.swift */; };
		14E6EB7F2A30D36500D64037 /* CodePointWidth.swift in Sources */ = {isa = PBXBuildFile; fileRef = 14E6EB7A2A30D2D700D64037 /* CodePointWidth.swift */; };
/* End PBXBuildFile section */

/* Begin PBXContainerItemProxy section */
		14E6EB6B2A30D21B00D64037 /* PBXContainerItemProxy */ = {
			isa = PBXContainerItemProxy;
			containerPortal = 14BD98192A30CB8000915E02 /* Project object */;
			proxyType = 1;
			remoteGlobalIDString = 14BD98202A30CB8000915E02;
			remoteInfo = PowerAssertTypeInference;
		};
/* End PBXContainerItemProxy section */

/* Begin PBXFileReference section */
		14BD98212A30CB8000915E02 /* PowerAssertTypeInference.app */ = {isa = PBXFileReference; explicitFileType = wrapper.application; includeInIndex = 0; path = PowerAssertTypeInference.app; sourceTree = BUILT_PRODUCTS_DIR; };
		14BD98242A30CB8000915E02 /* AppDelegate.swift */ = {isa = PBXFileReference; lastKnownFileType = sourcecode.swift; path = AppDelegate.swift; sourceTree = "<group>"; };
		14BD98262A30CB8000915E02 /* ViewController.swift */ = {isa = PBXFileReference; lastKnownFileType = sourcecode.swift; path = ViewController.swift; sourceTree = "<group>"; };
		14BD98282A30CB8100915E02 /* Assets.xcassets */ = {isa = PBXFileReference; lastKnownFileType = folder.assetcatalog; path = Assets.xcassets; sourceTree = "<group>"; };
		14BD982B2A30CB8100915E02 /* Base */ = {isa = PBXFileReference; lastKnownFileType = file.storyboard; name = Base; path = Base.lproj/Main.storyboard; sourceTree = "<group>"; };
		14BD982D2A30CB8100915E02 /* PowerAssertTypeInference.entitlements */ = {isa = PBXFileReference; lastKnownFileType = text.plist.entitlements; path = PowerAssertTypeInference.entitlements; sourceTree = "<group>"; };
		14BD98332A30CB9700915E02 /* Console.swift */ = {isa = PBXFileReference; fileEncoding = 4; lastKnownFileType = sourcecode.swift; path = Console.swift; sourceTree = "<group>"; };
		14BD98342A30CB9800915E02 /* PowerAssert.swift */ = {isa = PBXFileReference; fileEncoding = 4; lastKnownFileType = sourcecode.swift; path = PowerAssert.swift; sourceTree = "<group>"; };
		14BD98352A30CB9800915E02 /* Diff.swift */ = {isa = PBXFileReference; fileEncoding = 4; lastKnownFileType = sourcecode.swift; path = Diff.swift; sourceTree = "<group>"; };
		14BD983A2A30CBDB00915E02 /* StringWidth.swift */ = {isa = PBXFileReference; fileEncoding = 4; lastKnownFileType = sourcecode.swift; path = StringWidth.swift; sourceTree = "<group>"; };
		14BD983C2A30CBE800915E02 /* CodePointWidth.swift */ = {isa = PBXFileReference; fileEncoding = 4; lastKnownFileType = sourcecode.swift; path = CodePointWidth.swift; sourceTree = "<group>"; };
		14E6EB672A30D21B00D64037 /* PowerAssertTypeInferenceTests.xctest */ = {isa = PBXFileReference; explicitFileType = wrapper.cfbundle; includeInIndex = 0; path = PowerAssertTypeInferenceTests.xctest; sourceTree = BUILT_PRODUCTS_DIR; };
		14E6EB692A30D21B00D64037 /* PowerAssertTypeInferenceTests.swift */ = {isa = PBXFileReference; lastKnownFileType = sourcecode.swift; path = PowerAssertTypeInferenceTests.swift; sourceTree = "<group>"; };
		14E6EB762A30D2D700D64037 /* Console.swift */ = {isa = PBXFileReference; lastKnownFileType = sourcecode.swift; path = Console.swift; sourceTree = "<group>"; };
		14E6EB772A30D2D700D64037 /* PowerAssert.swift */ = {isa = PBXFileReference; lastKnownFileType = sourcecode.swift; path = PowerAssert.swift; sourceTree = "<group>"; };
		14E6EB782A30D2D700D64037 /* Diff.swift */ = {isa = PBXFileReference; lastKnownFileType = sourcecode.swift; path = Diff.swift; sourceTree = "<group>"; };
		14E6EB792A30D2D700D64037 /* StringWidth.swift */ = {isa = PBXFileReference; lastKnownFileType = sourcecode.swift; path = StringWidth.swift; sourceTree = "<group>"; };
		14E6EB7A2A30D2D700D64037 /* CodePointWidth.swift */ = {isa = PBXFileReference; lastKnownFileType = sourcecode.swift; path = CodePointWidth.swift; sourceTree = "<group>"; };
/* End PBXFileReference section */

/* Begin PBXFrameworksBuildPhase section */
		14BD981E2A30CB8000915E02 /* Frameworks */ = {
			isa = PBXFrameworksBuildPhase;
			buildActionMask = 2147483647;
			files = (
			);
			runOnlyForDeploymentPostprocessing = 0;
		};
		14E6EB642A30D21B00D64037 /* Frameworks */ = {
			isa = PBXFrameworksBuildPhase;
			buildActionMask = 2147483647;
			files = (
			);
			runOnlyForDeploymentPostprocessing = 0;
		};
/* End PBXFrameworksBuildPhase section */

/* Begin PBXGroup section */
		14BD98182A30CB8000915E02 = {
			isa = PBXGroup;
			children = (
				14BD98232A30CB8000915E02 /* PowerAssertTypeInference */,
				14E6EB682A30D21B00D64037 /* PowerAssertTypeInferenceTests */,
				14BD98222A30CB8000915E02 /* Products */,
			);
			sourceTree = "<group>";
		};
		14BD98222A30CB8000915E02 /* Products */ = {
			isa = PBXGroup;
			children = (
				14BD98212A30CB8000915E02 /* PowerAssertTypeInference.app */,
				14E6EB672A30D21B00D64037 /* PowerAssertTypeInferenceTests.xctest */,
			);
			name = Products;
			sourceTree = "<group>";
		};
		14BD98232A30CB8000915E02 /* PowerAssertTypeInference */ = {
			isa = PBXGroup;
			children = (
				14BD98392A30CBBF00915E02 /* PowerAssert */,
				14BD98242A30CB8000915E02 /* AppDelegate.swift */,
				14BD98262A30CB8000915E02 /* ViewController.swift */,
				14BD98282A30CB8100915E02 /* Assets.xcassets */,
				14BD982A2A30CB8100915E02 /* Main.storyboard */,
				14BD982D2A30CB8100915E02 /* PowerAssertTypeInference.entitlements */,
			);
			path = PowerAssertTypeInference;
			sourceTree = "<group>";
		};
		14BD98392A30CBBF00915E02 /* PowerAssert */ = {
			isa = PBXGroup;
			children = (
				14E6EB772A30D2D700D64037 /* PowerAssert.swift */,
				14E6EB762A30D2D700D64037 /* Console.swift */,
				14E6EB782A30D2D700D64037 /* Diff.swift */,
				14E6EB792A30D2D700D64037 /* StringWidth.swift */,
				14E6EB7A2A30D2D700D64037 /* CodePointWidth.swift */,
			);
			path = PowerAssert;
			sourceTree = "<group>";
		};
		14E6EB682A30D21B00D64037 /* PowerAssertTypeInferenceTests */ = {
			isa = PBXGroup;
			children = (
				14E6EB692A30D21B00D64037 /* PowerAssertTypeInferenceTests.swift */,
				14E6EB752A30D29300D64037 /* PowerAssert */,
			);
			path = PowerAssertTypeInferenceTests;
			sourceTree = "<group>";
		};
		14E6EB752A30D29300D64037 /* PowerAssert */ = {
			isa = PBXGroup;
			children = (
				14BD98342A30CB9800915E02 /* PowerAssert.swift */,
				14BD98332A30CB9700915E02 /* Console.swift */,
				14BD98352A30CB9800915E02 /* Diff.swift */,
				14BD983A2A30CBDB00915E02 /* StringWidth.swift */,
				14BD983C2A30CBE800915E02 /* CodePointWidth.swift */,
			);
			path = PowerAssert;
			sourceTree = "<group>";
		};
/* End PBXGroup section */

/* Begin PBXNativeTarget section */
		14BD98202A30CB8000915E02 /* PowerAssertTypeInference */ = {
			isa = PBXNativeTarget;
			buildConfigurationList = 14BD98302A30CB8100915E02 /* Build configuration list for PBXNativeTarget "PowerAssertTypeInference" */;
			buildPhases = (
				14BD981D2A30CB8000915E02 /* Sources */,
				14BD981E2A30CB8000915E02 /* Frameworks */,
				14BD981F2A30CB8000915E02 /* Resources */,
			);
			buildRules = (
			);
			dependencies = (
			);
			name = PowerAssertTypeInference;
			productName = PowerAssertTypeInference;
			productReference = 14BD98212A30CB8000915E02 /* PowerAssertTypeInference.app */;
			productType = "com.apple.product-type.application";
		};
		14E6EB662A30D21B00D64037 /* PowerAssertTypeInferenceTests */ = {
			isa = PBXNativeTarget;
			buildConfigurationList = 14E6EB6F2A30D21B00D64037 /* Build configuration list for PBXNativeTarget "PowerAssertTypeInferenceTests" */;
			buildPhases = (
				14E6EB632A30D21B00D64037 /* Sources */,
				14E6EB642A30D21B00D64037 /* Frameworks */,
				14E6EB652A30D21B00D64037 /* Resources */,
			);
			buildRules = (
			);
			dependencies = (
				14E6EB6C2A30D21B00D64037 /* PBXTargetDependency */,
			);
			name = PowerAssertTypeInferenceTests;
			productName = PowerAssertTypeInferenceTests;
			productReference = 14E6EB672A30D21B00D64037 /* PowerAssertTypeInferenceTests.xctest */;
			productType = "com.apple.product-type.bundle.unit-test";
		};
/* End PBXNativeTarget section */

/* Begin PBXProject section */
		14BD98192A30CB8000915E02 /* Project object */ = {
			isa = PBXProject;
			attributes = {
				BuildIndependentTargetsInParallel = 1;
				LastSwiftUpdateCheck = 1500;
				LastUpgradeCheck = 1500;
				TargetAttributes = {
					14BD98202A30CB8000915E02 = {
						CreatedOnToolsVersion = 15.0;
					};
					14E6EB662A30D21B00D64037 = {
						CreatedOnToolsVersion = 15.0;
						TestTargetID = 14BD98202A30CB8000915E02;
					};
				};
			};
			buildConfigurationList = 14BD981C2A30CB8000915E02 /* Build configuration list for PBXProject "PowerAssertTypeInference" */;
			compatibilityVersion = "Xcode 14.0";
			developmentRegion = en;
			hasScannedForEncodings = 0;
			knownRegions = (
				en,
				Base,
			);
			mainGroup = 14BD98182A30CB8000915E02;
			productRefGroup = 14BD98222A30CB8000915E02 /* Products */;
			projectDirPath = "";
			projectRoot = "";
			targets = (
				14BD98202A30CB8000915E02 /* PowerAssertTypeInference */,
				14E6EB662A30D21B00D64037 /* PowerAssertTypeInferenceTests */,
			);
		};
/* End PBXProject section */

/* Begin PBXResourcesBuildPhase section */
		14BD981F2A30CB8000915E02 /* Resources */ = {
			isa = PBXResourcesBuildPhase;
			buildActionMask = 2147483647;
			files = (
				14BD98292A30CB8100915E02 /* Assets.xcassets in Resources */,
				14BD982C2A30CB8100915E02 /* Main.storyboard in Resources */,
			);
			runOnlyForDeploymentPostprocessing = 0;
		};
		14E6EB652A30D21B00D64037 /* Resources */ = {
			isa = PBXResourcesBuildPhase;
			buildActionMask = 2147483647;
			files = (
			);
			runOnlyForDeploymentPostprocessing = 0;
		};
/* End PBXResourcesBuildPhase section */

/* Begin PBXSourcesBuildPhase section */
		14BD981D2A30CB8000915E02 /* Sources */ = {
			isa = PBXSourcesBuildPhase;
			buildActionMask = 2147483647;
			files = (
				14E6EB7E2A30D36500D64037 /* Diff.swift in Sources */,
				14BD98272A30CB8000915E02 /* ViewController.swift in Sources */,
				14BD98252A30CB8000915E02 /* AppDelegate.swift in Sources */,
				14E6EB7F2A30D36500D64037 /* CodePointWidth.swift in Sources */,
				14E6EB7B2A30D36500D64037 /* PowerAssert.swift in Sources */,
				14E6EB7D2A30D36500D64037 /* StringWidth.swift in Sources */,
				14E6EB7C2A30D36500D64037 /* Console.swift in Sources */,
			);
			runOnlyForDeploymentPostprocessing = 0;
		};
		14E6EB632A30D21B00D64037 /* Sources */ = {
			isa = PBXSourcesBuildPhase;
			buildActionMask = 2147483647;
			files = (
				14E6EB6A2A30D21B00D64037 /* PowerAssertTypeInferenceTests.swift in Sources */,
				14E6EB742A30D28C00D64037 /* Console.swift in Sources */,
				14E6EB702A30D28C00D64037 /* StringWidth.swift in Sources */,
				14E6EB722A30D28C00D64037 /* Diff.swift in Sources */,
				14E6EB712A30D28C00D64037 /* PowerAssert.swift in Sources */,
				14E6EB732A30D28C00D64037 /* CodePointWidth.swift in Sources */,
			);
			runOnlyForDeploymentPostprocessing = 0;
		};
/* End PBXSourcesBuildPhase section */

/* Begin PBXTargetDependency section */
		14E6EB6C2A30D21B00D64037 /* PBXTargetDependency */ = {
			isa = PBXTargetDependency;
			target = 14BD98202A30CB8000915E02 /* PowerAssertTypeInference */;
			targetProxy = 14E6EB6B2A30D21B00D64037 /* PBXContainerItemProxy */;
		};
/* End PBXTargetDependency section */

/* Begin PBXVariantGroup section */
		14BD982A2A30CB8100915E02 /* Main.storyboard */ = {
			isa = PBXVariantGroup;
			children = (
				14BD982B2A30CB8100915E02 /* Base */,
			);
			name = Main.storyboard;
			sourceTree = "<group>";
		};
/* End PBXVariantGroup section */

/* Begin XCBuildConfiguration section */
		14BD982E2A30CB8100915E02 /* Debug */ = {
			isa = XCBuildConfiguration;
			buildSettings = {
				ALWAYS_SEARCH_USER_PATHS = NO;
				ASSETCATALOG_COMPILER_GENERATE_SWIFT_ASSET_SYMBOL_EXTENSIONS = YES;
				CLANG_ANALYZER_NONNULL = YES;
				CLANG_ANALYZER_NUMBER_OBJECT_CONVERSION = YES_AGGRESSIVE;
				CLANG_CXX_LANGUAGE_STANDARD = "gnu++20";
				CLANG_ENABLE_MODULES = YES;
				CLANG_ENABLE_OBJC_ARC = YES;
				CLANG_ENABLE_OBJC_WEAK = YES;
				CLANG_WARN_BLOCK_CAPTURE_AUTORELEASING = YES;
				CLANG_WARN_BOOL_CONVERSION = YES;
				CLANG_WARN_COMMA = YES;
				CLANG_WARN_CONSTANT_CONVERSION = YES;
				CLANG_WARN_DEPRECATED_OBJC_IMPLEMENTATIONS = YES;
				CLANG_WARN_DIRECT_OBJC_ISA_USAGE = YES_ERROR;
				CLANG_WARN_DOCUMENTATION_COMMENTS = YES;
				CLANG_WARN_EMPTY_BODY = YES;
				CLANG_WARN_ENUM_CONVERSION = YES;
				CLANG_WARN_INFINITE_RECURSION = YES;
				CLANG_WARN_INT_CONVERSION = YES;
				CLANG_WARN_NON_LITERAL_NULL_CONVERSION = YES;
				CLANG_WARN_OBJC_IMPLICIT_RETAIN_SELF = YES;
				CLANG_WARN_OBJC_LITERAL_CONVERSION = YES;
				CLANG_WARN_OBJC_ROOT_CLASS = YES_ERROR;
				CLANG_WARN_QUOTED_INCLUDE_IN_FRAMEWORK_HEADER = YES;
				CLANG_WARN_RANGE_LOOP_ANALYSIS = YES;
				CLANG_WARN_STRICT_PROTOTYPES = YES;
				CLANG_WARN_SUSPICIOUS_MOVE = YES;
				CLANG_WARN_UNGUARDED_AVAILABILITY = YES_AGGRESSIVE;
				CLANG_WARN_UNREACHABLE_CODE = YES;
				CLANG_WARN__DUPLICATE_METHOD_MATCH = YES;
				COPY_PHASE_STRIP = NO;
				DEBUG_INFORMATION_FORMAT = dwarf;
				ENABLE_STRICT_OBJC_MSGSEND = YES;
				ENABLE_TESTABILITY = YES;
				ENABLE_USER_SCRIPT_SANDBOXING = YES;
				GCC_C_LANGUAGE_STANDARD = gnu17;
				GCC_DYNAMIC_NO_PIC = NO;
				GCC_NO_COMMON_BLOCKS = YES;
				GCC_OPTIMIZATION_LEVEL = 0;
				GCC_PREPROCESSOR_DEFINITIONS = (
					"DEBUG=1",
					"$(inherited)",
				);
				GCC_WARN_64_TO_32_BIT_CONVERSION = YES;
				GCC_WARN_ABOUT_RETURN_TYPE = YES_ERROR;
				GCC_WARN_UNDECLARED_SELECTOR = YES;
				GCC_WARN_UNINITIALIZED_AUTOS = YES_AGGRESSIVE;
				GCC_WARN_UNUSED_FUNCTION = YES;
				GCC_WARN_UNUSED_VARIABLE = YES;
				LOCALIZATION_PREFERS_STRING_CATALOGS = YES;
				MACOSX_DEPLOYMENT_TARGET = 13.4;
				MTL_ENABLE_DEBUG_INFO = INCLUDE_SOURCE;
				MTL_FAST_MATH = YES;
				ONLY_ACTIVE_ARCH = YES;
				SDKROOT = macosx;
				SWIFT_ACTIVE_COMPILATION_CONDITIONS = "DEBUG $(inherited)";
				SWIFT_OPTIMIZATION_LEVEL = "-Onone";
			};
			name = Debug;
		};
		14BD982F2A30CB8100915E02 /* Release */ = {
			isa = XCBuildConfiguration;
			buildSettings = {
				ALWAYS_SEARCH_USER_PATHS = NO;
				ASSETCATALOG_COMPILER_GENERATE_SWIFT_ASSET_SYMBOL_EXTENSIONS = YES;
				CLANG_ANALYZER_NONNULL = YES;
				CLANG_ANALYZER_NUMBER_OBJECT_CONVERSION = YES_AGGRESSIVE;
				CLANG_CXX_LANGUAGE_STANDARD = "gnu++20";
				CLANG_ENABLE_MODULES = YES;
				CLANG_ENABLE_OBJC_ARC = YES;
				CLANG_ENABLE_OBJC_WEAK = YES;
				CLANG_WARN_BLOCK_CAPTURE_AUTORELEASING = YES;
				CLANG_WARN_BOOL_CONVERSION = YES;
				CLANG_WARN_COMMA = YES;
				CLANG_WARN_CONSTANT_CONVERSION = YES;
				CLANG_WARN_DEPRECATED_OBJC_IMPLEMENTATIONS = YES;
				CLANG_WARN_DIRECT_OBJC_ISA_USAGE = YES_ERROR;
				CLANG_WARN_DOCUMENTATION_COMMENTS = YES;
				CLANG_WARN_EMPTY_BODY = YES;
				CLANG_WARN_ENUM_CONVERSION = YES;
				CLANG_WARN_INFINITE_RECURSION = YES;
				CLANG_WARN_INT_CONVERSION = YES;
				CLANG_WARN_NON_LITERAL_NULL_CONVERSION = YES;
				CLANG_WARN_OBJC_IMPLICIT_RETAIN_SELF = YES;
				CLANG_WARN_OBJC_LITERAL_CONVERSION = YES;
				CLANG_WARN_OBJC_ROOT_CLASS = YES_ERROR;
				CLANG_WARN_QUOTED_INCLUDE_IN_FRAMEWORK_HEADER = YES;
				CLANG_WARN_RANGE_LOOP_ANALYSIS = YES;
				CLANG_WARN_STRICT_PROTOTYPES = YES;
				CLANG_WARN_SUSPICIOUS_MOVE = YES;
				CLANG_WARN_UNGUARDED_AVAILABILITY = YES_AGGRESSIVE;
				CLANG_WARN_UNREACHABLE_CODE = YES;
				CLANG_WARN__DUPLICATE_METHOD_MATCH = YES;
				COPY_PHASE_STRIP = NO;
				DEBUG_INFORMATION_FORMAT = "dwarf-with-dsym";
				ENABLE_NS_ASSERTIONS = NO;
				ENABLE_STRICT_OBJC_MSGSEND = YES;
				ENABLE_USER_SCRIPT_SANDBOXING = YES;
				GCC_C_LANGUAGE_STANDARD = gnu17;
				GCC_NO_COMMON_BLOCKS = YES;
				GCC_WARN_64_TO_32_BIT_CONVERSION = YES;
				GCC_WARN_ABOUT_RETURN_TYPE = YES_ERROR;
				GCC_WARN_UNDECLARED_SELECTOR = YES;
				GCC_WARN_UNINITIALIZED_AUTOS = YES_AGGRESSIVE;
				GCC_WARN_UNUSED_FUNCTION = YES;
				GCC_WARN_UNUSED_VARIABLE = YES;
				LOCALIZATION_PREFERS_STRING_CATALOGS = YES;
				MACOSX_DEPLOYMENT_TARGET = 13.4;
				MTL_ENABLE_DEBUG_INFO = NO;
				MTL_FAST_MATH = YES;
				SDKROOT = macosx;
				SWIFT_COMPILATION_MODE = wholemodule;
			};
			name = Release;
		};
		14BD98312A30CB8100915E02 /* Debug */ = {
			isa = XCBuildConfiguration;
			buildSettings = {
				ASSETCATALOG_COMPILER_APPICON_NAME = AppIcon;
				ASSETCATALOG_COMPILER_GLOBAL_ACCENT_COLOR_NAME = AccentColor;
				CODE_SIGN_ENTITLEMENTS = PowerAssertTypeInference/PowerAssertTypeInference.entitlements;
				CODE_SIGN_STYLE = Automatic;
				COMBINE_HIDPI_IMAGES = YES;
				CURRENT_PROJECT_VERSION = 1;
				DEVELOPMENT_TEAM = 27AEDK3C9F;
				ENABLE_HARDENED_RUNTIME = YES;
				GENERATE_INFOPLIST_FILE = YES;
				INFOPLIST_KEY_NSHumanReadableCopyright = "";
				INFOPLIST_KEY_NSMainStoryboardFile = Main;
				INFOPLIST_KEY_NSPrincipalClass = NSApplication;
				LD_RUNPATH_SEARCH_PATHS = (
					"$(inherited)",
					"@executable_path/../Frameworks",
				);
				MARKETING_VERSION = 1.0;
				PRODUCT_BUNDLE_IDENTIFIER = com.kishikawakatsumi.PowerAssertTypeInference;
				PRODUCT_NAME = "$(TARGET_NAME)";
				SWIFT_EMIT_LOC_STRINGS = YES;
				SWIFT_VERSION = 5.0;
			};
			name = Debug;
		};
		14BD98322A30CB8100915E02 /* Release */ = {
			isa = XCBuildConfiguration;
			buildSettings = {
				ASSETCATALOG_COMPILER_APPICON_NAME = AppIcon;
				ASSETCATALOG_COMPILER_GLOBAL_ACCENT_COLOR_NAME = AccentColor;
				CODE_SIGN_ENTITLEMENTS = PowerAssertTypeInference/PowerAssertTypeInference.entitlements;
				CODE_SIGN_STYLE = Automatic;
				COMBINE_HIDPI_IMAGES = YES;
				CURRENT_PROJECT_VERSION = 1;
				DEVELOPMENT_TEAM = 27AEDK3C9F;
				ENABLE_HARDENED_RUNTIME = YES;
				GENERATE_INFOPLIST_FILE = YES;
				INFOPLIST_KEY_NSHumanReadableCopyright = "";
				INFOPLIST_KEY_NSMainStoryboardFile = Main;
				INFOPLIST_KEY_NSPrincipalClass = NSApplication;
				LD_RUNPATH_SEARCH_PATHS = (
					"$(inherited)",
					"@executable_path/../Frameworks",
				);
				MARKETING_VERSION = 1.0;
				PRODUCT_BUNDLE_IDENTIFIER = com.kishikawakatsumi.PowerAssertTypeInference;
				PRODUCT_NAME = "$(TARGET_NAME)";
				SWIFT_EMIT_LOC_STRINGS = YES;
				SWIFT_VERSION = 5.0;
			};
			name = Release;
		};
		14E6EB6D2A30D21B00D64037 /* Debug */ = {
			isa = XCBuildConfiguration;
			buildSettings = {
				BUNDLE_LOADER = "$(TEST_HOST)";
				CODE_SIGN_STYLE = Automatic;
				CURRENT_PROJECT_VERSION = 1;
				DEVELOPMENT_TEAM = 27AEDK3C9F;
				GENERATE_INFOPLIST_FILE = YES;
				MARKETING_VERSION = 1.0;
				PRODUCT_BUNDLE_IDENTIFIER = com.kishikawakatsumi.PowerAssertTypeInferenceTests;
				PRODUCT_NAME = "$(TARGET_NAME)";
				SWIFT_EMIT_LOC_STRINGS = NO;
				SWIFT_VERSION = 5.0;
				TEST_HOST = "$(BUILT_PRODUCTS_DIR)/PowerAssertTypeInference.app/$(BUNDLE_EXECUTABLE_FOLDER_PATH)/PowerAssertTypeInference";
			};
			name = Debug;
		};
		14E6EB6E2A30D21B00D64037 /* Release */ = {
			isa = XCBuildConfiguration;
			buildSettings = {
				BUNDLE_LOADER = "$(TEST_HOST)";
				CODE_SIGN_STYLE = Automatic;
				CURRENT_PROJECT_VERSION = 1;
				DEVELOPMENT_TEAM = 27AEDK3C9F;
				GENERATE_INFOPLIST_FILE = YES;
				MARKETING_VERSION = 1.0;
				PRODUCT_BUNDLE_IDENTIFIER = com.kishikawakatsumi.PowerAssertTypeInferenceTests;
				PRODUCT_NAME = "$(TARGET_NAME)";
				SWIFT_EMIT_LOC_STRINGS = NO;
				SWIFT_VERSION = 5.0;
				TEST_HOST = "$(BUILT_PRODUCTS_DIR)/PowerAssertTypeInference.app/$(BUNDLE_EXECUTABLE_FOLDER_PATH)/PowerAssertTypeInference";
			};
			name = Release;
		};
/* End XCBuildConfiguration section */

/* Begin XCConfigurationList section */
		14BD981C2A30CB8000915E02 /* Build configuration list for PBXProject "PowerAssertTypeInference" */ = {
			isa = XCConfigurationList;
			buildConfigurations = (
				14BD982E2A30CB8100915E02 /* Debug */,
				14BD982F2A30CB8100915E02 /* Release */,
			);
			defaultConfigurationIsVisible = 0;
			defaultConfigurationName = Release;
		};
		14BD98302A30CB8100915E02 /* Build configuration list for PBXNativeTarget "PowerAssertTypeInference" */ = {
			isa = XCConfigurationList;
			buildConfigurations = (
				14BD98312A30CB8100915E02 /* Debug */,
				14BD98322A30CB8100915E02 /* Release */,
			);
			defaultConfigurationIsVisible = 0;
			defaultConfigurationName = Release;
		};
		14E6EB6F2A30D21B00D64037 /* Build configuration list for PBXNativeTarget "PowerAssertTypeInferenceTests" */ = {
			isa = XCConfigurationList;
			buildConfigurations = (
				14E6EB6D2A30D21B00D64037 /* Debug */,
				14E6EB6E2A30D21B00D64037 /* Release */,
			);
			defaultConfigurationIsVisible = 0;
			defaultConfigurationName = Release;
		};
/* End XCConfigurationList section */
	};
	rootObject = 14BD98192A30CB8000915E02 /* Project object */;
}
